
Microsoft Visual Studio Solution File, Format Version 12.00
# Visual Studio Version 17
VisualStudioVersion = 17.11.35222.181
MinimumVisualStudioVersion = 10.0.40219.1
Project("{FAE04EC0-301F-11D3-BF4B-00C04F79EFBC}") = "Practica04", "Practica04.csproj", "{6F44663F-5A0A-474C-A533-FF2FE5FFA221}"
EndProject
Global
	GlobalSection(SolutionConfigurationPlatforms) = preSolution
		Debug|Any CPU = Debug|Any CPU
		Release|Any CPU = Release|Any CPU
	EndGlobalSection
	GlobalSection(ProjectConfigurationPlatforms) = postSolution
		{6F44663F-5A0A-474C-A533-FF2FE5FFA221}.Debug|Any CPU.ActiveCfg = Debug|Any CPU
		{6F44663F-5A0A-474C-A533-FF2FE5FFA221}.Debug|Any CPU.Build.0 = Debug|Any CPU
		{6F44663F-5A0A-474C-A533-FF2FE5FFA221}.Release|Any CPU.ActiveCfg = Release|Any CPU
		{6F44663F-5A0A-474C-A533-FF2FE5FFA221}.Release|Any CPU.Build.0 = Release|Any CPU
	EndGlobalSection
	GlobalSection(SolutionProperties) = preSolution
		HideSolutionNode = FALSE
	EndGlobalSection
	GlobalSection(ExtensibilityGlobals) = postSolution
		SolutionGuid = {69B2216D-3876-4C02-B1D6-9687AA85EFD4}
	EndGlobalSection
EndGlobal
